// !$*UTF8*$!
{
	archiveVersion = 1;
	classes = {
	};
	objectVersion = 46;
	objects = {

/* Begin PBXBuildFile section */
		03571B251BE84BA100900EF9 /* main.m in Sources */ = {isa = PBXBuildFile; fileRef = 03571B241BE84BA100900EF9 /* main.m */; };
		03571B281BE84BA100900EF9 /* AppDelegate.m in Sources */ = {isa = PBXBuildFile; fileRef = 03571B271BE84BA100900EF9 /* AppDelegate.m */; };
		03571B2B1BE84BA100900EF9 /* ViewController.m in Sources */ = {isa = PBXBuildFile; fileRef = 03571B2A1BE84BA100900EF9 /* ViewController.m */; };
		03571B2E1BE84BA100900EF9 /* Main.storyboard in Resources */ = {isa = PBXBuildFile; fileRef = 03571B2C1BE84BA100900EF9 /* Main.storyboard */; };
		03571B301BE84BA100900EF9 /* Assets.xcassets in Resources */ = {isa = PBXBuildFile; fileRef = 03571B2F1BE84BA100900EF9 /* Assets.xcassets */; };
		03571B331BE84BA100900EF9 /* LaunchScreen.storyboard in Resources */ = {isa = PBXBuildFile; fileRef = 03571B311BE84BA100900EF9 /* LaunchScreen.storyboard */; };
		03571B3E1BE84BA100900EF9 /* CofactoriesTests.m in Sources */ = {isa = PBXBuildFile; fileRef = 03571B3D1BE84BA100900EF9 /* CofactoriesTests.m */; };
		03571B491BE84BA100900EF9 /* CofactoriesUITests.m in Sources */ = {isa = PBXBuildFile; fileRef = 03571B481BE84BA100900EF9 /* CofactoriesUITests.m */; };
/* End PBXBuildFile section */

/* Begin PBXContainerItemProxy section */
		03571B3A1BE84BA100900EF9 /* PBXContainerItemProxy */ = {
			isa = PBXContainerItemProxy;
			containerPortal = 03571B181BE84BA100900EF9 /* Project object */;
			proxyType = 1;
			remoteGlobalIDString = 03571B1F1BE84BA100900EF9;
			remoteInfo = Cofactories;
		};
		03571B451BE84BA100900EF9 /* PBXContainerItemProxy */ = {
			isa = PBXContainerItemProxy;
			containerPortal = 03571B181BE84BA100900EF9 /* Project object */;
			proxyType = 1;
			remoteGlobalIDString = 03571B1F1BE84BA100900EF9;
			remoteInfo = Cofactories;
		};
/* End PBXContainerItemProxy section */

/* Begin PBXFileReference section */
		03571B201BE84BA100900EF9 /* Cofactories.app */ = {isa = PBXFileReference; explicitFileType = wrapper.application; includeInIndex = 0; path = Cofactories.app; sourceTree = BUILT_PRODUCTS_DIR; };
		03571B241BE84BA100900EF9 /* main.m */ = {isa = PBXFileReference; lastKnownFileType = sourcecode.c.objc; path = main.m; sourceTree = "<group>"; };
		03571B261BE84BA100900EF9 /* AppDelegate.h */ = {isa = PBXFileReference; lastKnownFileType = sourcecode.c.h; path = AppDelegate.h; sourceTree = "<group>"; };
		03571B271BE84BA100900EF9 /* AppDelegate.m */ = {isa = PBXFileReference; lastKnownFileType = sourcecode.c.objc; path = AppDelegate.m; sourceTree = "<group>"; };
		03571B291BE84BA100900EF9 /* ViewController.h */ = {isa = PBXFileReference; lastKnownFileType = sourcecode.c.h; path = ViewController.h; sourceTree = "<group>"; };
		03571B2A1BE84BA100900EF9 /* ViewController.m */ = {isa = PBXFileReference; lastKnownFileType = sourcecode.c.objc; path = ViewController.m; sourceTree = "<group>"; };
		03571B2D1BE84BA100900EF9 /* Base */ = {isa = PBXFileReference; lastKnownFileType = file.storyboard; name = Base; path = Base.lproj/Main.storyboard; sourceTree = "<group>"; };
		03571B2F1BE84BA100900EF9 /* Assets.xcassets */ = {isa = PBXFileReference; lastKnownFileType = folder.assetcatalog; path = Assets.xcassets; sourceTree = "<group>"; };
		03571B321BE84BA100900EF9 /* Base */ = {isa = PBXFileReference; lastKnownFileType = file.storyboard; name = Base; path = Base.lproj/LaunchScreen.storyboard; sourceTree = "<group>"; };
		03571B341BE84BA100900EF9 /* Info.plist */ = {isa = PBXFileReference; lastKnownFileType = text.plist.xml; path = Info.plist; sourceTree = "<group>"; };
		03571B391BE84BA100900EF9 /* CofactoriesTests.xctest */ = {isa = PBXFileReference; explicitFileType = wrapper.cfbundle; includeInIndex = 0; path = CofactoriesTests.xctest; sourceTree = BUILT_PRODUCTS_DIR; };
		03571B3D1BE84BA100900EF9 /* CofactoriesTests.m */ = {isa = PBXFileReference; lastKnownFileType = sourcecode.c.objc; path = CofactoriesTests.m; sourceTree = "<group>"; };
		03571B3F1BE84BA100900EF9 /* Info.plist */ = {isa = PBXFileReference; lastKnownFileType = text.plist.xml; path = Info.plist; sourceTree = "<group>"; };
		03571B441BE84BA100900EF9 /* CofactoriesUITests.xctest */ = {isa = PBXFileReference; explicitFileType = wrapper.cfbundle; includeInIndex = 0; path = CofactoriesUITests.xctest; sourceTree = BUILT_PRODUCTS_DIR; };
		03571B481BE84BA100900EF9 /* CofactoriesUITests.m */ = {isa = PBXFileReference; lastKnownFileType = sourcecode.c.objc; path = CofactoriesUITests.m; sourceTree = "<group>"; };
		03571B4A1BE84BA100900EF9 /* Info.plist */ = {isa = PBXFileReference; lastKnownFileType = text.plist.xml; path = Info.plist; sourceTree = "<group>"; };
/* End PBXFileReference section */

/* Begin PBXFrameworksBuildPhase section */
		03571B1D1BE84BA100900EF9 /* Frameworks */ = {
			isa = PBXFrameworksBuildPhase;
			buildActionMask = 2147483647;
			files = (
			);
			runOnlyForDeploymentPostprocessing = 0;
		};
		03571B361BE84BA100900EF9 /* Frameworks */ = {
			isa = PBXFrameworksBuildPhase;
			buildActionMask = 2147483647;
			files = (
			);
			runOnlyForDeploymentPostprocessing = 0;
		};
		03571B411BE84BA100900EF9 /* Frameworks */ = {
			isa = PBXFrameworksBuildPhase;
			buildActionMask = 2147483647;
			files = (
			);
			runOnlyForDeploymentPostprocessing = 0;
		};
/* End PBXFrameworksBuildPhase section */

/* Begin PBXGroup section */
		03571B171BE84BA100900EF9 = {
			isa = PBXGroup;
			children = (
				03571B221BE84BA100900EF9 /* Cofactories */,
				03571B3C1BE84BA100900EF9 /* CofactoriesTests */,
				03571B471BE84BA100900EF9 /* CofactoriesUITests */,
				03571B211BE84BA100900EF9 /* Products */,
			);
			sourceTree = "<group>";
		};
		03571B211BE84BA100900EF9 /* Products */ = {
			isa = PBXGroup;
			children = (
				03571B201BE84BA100900EF9 /* Cofactories.app */,
				03571B391BE84BA100900EF9 /* CofactoriesTests.xctest */,
				03571B441BE84BA100900EF9 /* CofactoriesUITests.xctest */,
			);
			name = Products;
			sourceTree = "<group>";
		};
		03571B221BE84BA100900EF9 /* Cofactories */ = {
			isa = PBXGroup;
			children = (
				03571B261BE84BA100900EF9 /* AppDelegate.h */,
				03571B271BE84BA100900EF9 /* AppDelegate.m */,
				03571B291BE84BA100900EF9 /* ViewController.h */,
				03571B2A1BE84BA100900EF9 /* ViewController.m */,
				03571B2C1BE84BA100900EF9 /* Main.storyboard */,
				03571B2F1BE84BA100900EF9 /* Assets.xcassets */,
				03571B311BE84BA100900EF9 /* LaunchScreen.storyboard */,
				03571B341BE84BA100900EF9 /* Info.plist */,
				03571B231BE84BA100900EF9 /* Supporting Files */,
			);
			path = Cofactories;
			sourceTree = "<group>";
		};
		03571B231BE84BA100900EF9 /* Supporting Files */ = {
			isa = PBXGroup;
			children = (
				03571B241BE84BA100900EF9 /* main.m */,
			);
			name = "Supporting Files";
			sourceTree = "<group>";
		};
		03571B3C1BE84BA100900EF9 /* CofactoriesTests */ = {
			isa = PBXGroup;
			children = (
				03571B3D1BE84BA100900EF9 /* CofactoriesTests.m */,
				03571B3F1BE84BA100900EF9 /* Info.plist */,
			);
			path = CofactoriesTests;
			sourceTree = "<group>";
		};
		03571B471BE84BA100900EF9 /* CofactoriesUITests */ = {
			isa = PBXGroup;
			children = (
				03571B481BE84BA100900EF9 /* CofactoriesUITests.m */,
				03571B4A1BE84BA100900EF9 /* Info.plist */,
			);
			path = CofactoriesUITests;
			sourceTree = "<group>";
		};
/* End PBXGroup section */

/* Begin PBXNativeTarget section */
		03571B1F1BE84BA100900EF9 /* Cofactories */ = {
			isa = PBXNativeTarget;
			buildConfigurationList = 03571B4D1BE84BA100900EF9 /* Build configuration list for PBXNativeTarget "Cofactories" */;
			buildPhases = (
				03571B1C1BE84BA100900EF9 /* Sources */,
				03571B1D1BE84BA100900EF9 /* Frameworks */,
				03571B1E1BE84BA100900EF9 /* Resources */,
			);
			buildRules = (
			);
			dependencies = (
			);
			name = Cofactories;
			productName = Cofactories;
			productReference = 03571B201BE84BA100900EF9 /* Cofactories.app */;
			productType = "com.apple.product-type.application";
		};
		03571B381BE84BA100900EF9 /* CofactoriesTests */ = {
			isa = PBXNativeTarget;
			buildConfigurationList = 03571B501BE84BA100900EF9 /* Build configuration list for PBXNativeTarget "CofactoriesTests" */;
			buildPhases = (
				03571B351BE84BA100900EF9 /* Sources */,
				03571B361BE84BA100900EF9 /* Frameworks */,
				03571B371BE84BA100900EF9 /* Resources */,
			);
			buildRules = (
			);
			dependencies = (
				03571B3B1BE84BA100900EF9 /* PBXTargetDependency */,
			);
			name = CofactoriesTests;
			productName = CofactoriesTests;
			productReference = 03571B391BE84BA100900EF9 /* CofactoriesTests.xctest */;
			productType = "com.apple.product-type.bundle.unit-test";
		};
		03571B431BE84BA100900EF9 /* CofactoriesUITests */ = {
			isa = PBXNativeTarget;
			buildConfigurationList = 03571B531BE84BA100900EF9 /* Build configuration list for PBXNativeTarget "CofactoriesUITests" */;
			buildPhases = (
				03571B401BE84BA100900EF9 /* Sources */,
				03571B411BE84BA100900EF9 /* Frameworks */,
				03571B421BE84BA100900EF9 /* Resources */,
			);
			buildRules = (
			);
			dependencies = (
				03571B461BE84BA100900EF9 /* PBXTargetDependency */,
			);
			name = CofactoriesUITests;
			productName = CofactoriesUITests;
			productReference = 03571B441BE84BA100900EF9 /* CofactoriesUITests.xctest */;
			productType = "com.apple.product-type.bundle.ui-testing";
		};
/* End PBXNativeTarget section */

/* Begin PBXProject section */
		03571B181BE84BA100900EF9 /* Project object */ = {
			isa = PBXProject;
			attributes = {
				LastUpgradeCheck = 0710;
				ORGANIZATIONNAME = "宋国华";
				TargetAttributes = {
					03571B1F1BE84BA100900EF9 = {
						CreatedOnToolsVersion = 7.1;
					};
					03571B381BE84BA100900EF9 = {
						CreatedOnToolsVersion = 7.1;
						TestTargetID = 03571B1F1BE84BA100900EF9;
					};
					03571B431BE84BA100900EF9 = {
						CreatedOnToolsVersion = 7.1;
						TestTargetID = 03571B1F1BE84BA100900EF9;
					};
				};
			};
			buildConfigurationList = 03571B1B1BE84BA100900EF9 /* Build configuration list for PBXProject "Cofactories" */;
			compatibilityVersion = "Xcode 3.2";
			developmentRegion = English;
			hasScannedForEncodings = 0;
			knownRegions = (
				en,
				Base,
			);
			mainGroup = 03571B171BE84BA100900EF9;
			productRefGroup = 03571B211BE84BA100900EF9 /* Products */;
			projectDirPath = "";
			projectRoot = "";
			targets = (
				03571B1F1BE84BA100900EF9 /* Cofactories */,
				03571B381BE84BA100900EF9 /* CofactoriesTests */,
				03571B431BE84BA100900EF9 /* CofactoriesUITests */,
			);
		};
/* End PBXProject section */

/* Begin PBXResourcesBuildPhase section */
		03571B1E1BE84BA100900EF9 /* Resources */ = {
			isa = PBXResourcesBuildPhase;
			buildActionMask = 2147483647;
			files = (
				03571B331BE84BA100900EF9 /* LaunchScreen.storyboard in Resources */,
				03571B301BE84BA100900EF9 /* Assets.xcassets in Resources */,
				03571B2E1BE84BA100900EF9 /* Main.storyboard in Resources */,
			);
			runOnlyForDeploymentPostprocessing = 0;
		};
		03571B371BE84BA100900EF9 /* Resources */ = {
			isa = PBXResourcesBuildPhase;
			buildActionMask = 2147483647;
			files = (
			);
			runOnlyForDeploymentPostprocessing = 0;
		};
		03571B421BE84BA100900EF9 /* Resources */ = {
			isa = PBXResourcesBuildPhase;
			buildActionMask = 2147483647;
			files = (
			);
			runOnlyForDeploymentPostprocessing = 0;
		};
/* End PBXResourcesBuildPhase section */

/* Begin PBXSourcesBuildPhase section */
		03571B1C1BE84BA100900EF9 /* Sources */ = {
			isa = PBXSourcesBuildPhase;
			buildActionMask = 2147483647;
			files = (
				03571B2B1BE84BA100900EF9 /* ViewController.m in Sources */,
				03571B281BE84BA100900EF9 /* AppDelegate.m in Sources */,
				03571B251BE84BA100900EF9 /* main.m in Sources */,
			);
			runOnlyForDeploymentPostprocessing = 0;
		};
		03571B351BE84BA100900EF9 /* Sources */ = {
			isa = PBXSourcesBuildPhase;
			buildActionMask = 2147483647;
			files = (
				03571B3E1BE84BA100900EF9 /* CofactoriesTests.m in Sources */,
			);
			runOnlyForDeploymentPostprocessing = 0;
		};
		03571B401BE84BA100900EF9 /* Sources */ = {
			isa = PBXSourcesBuildPhase;
			buildActionMask = 2147483647;
			files = (
				03571B491BE84BA100900EF9 /* CofactoriesUITests.m in Sources */,
			);
			runOnlyForDeploymentPostprocessing = 0;
		};
/* End PBXSourcesBuildPhase section */

/* Begin PBXTargetDependency section */
		03571B3B1BE84BA100900EF9 /* PBXTargetDependency */ = {
			isa = PBXTargetDependency;
			target = 03571B1F1BE84BA100900EF9 /* Cofactories */;
			targetProxy = 03571B3A1BE84BA100900EF9 /* PBXContainerItemProxy */;
		};
		03571B461BE84BA100900EF9 /* PBXTargetDependency */ = {
			isa = PBXTargetDependency;
			target = 03571B1F1BE84BA100900EF9 /* Cofactories */;
			targetProxy = 03571B451BE84BA100900EF9 /* PBXContainerItemProxy */;
		};
/* End PBXTargetDependency section */

/* Begin PBXVariantGroup section */
		03571B2C1BE84BA100900EF9 /* Main.storyboard */ = {
			isa = PBXVariantGroup;
			children = (
				03571B2D1BE84BA100900EF9 /* Base */,
			);
			name = Main.storyboard;
			sourceTree = "<group>";
		};
		03571B311BE84BA100900EF9 /* LaunchScreen.storyboard */ = {
			isa = PBXVariantGroup;
			children = (
				03571B321BE84BA100900EF9 /* Base */,
			);
			name = LaunchScreen.storyboard;
			sourceTree = "<group>";
		};
/* End PBXVariantGroup section */

/* Begin XCBuildConfiguration section */
		03571B4B1BE84BA100900EF9 /* Debug */ = {
			isa = XCBuildConfiguration;
			buildSettings = {
				ALWAYS_SEARCH_USER_PATHS = NO;
				CLANG_CXX_LANGUAGE_STANDARD = "gnu++0x";
				CLANG_CXX_LIBRARY = "libc++";
				CLANG_ENABLE_MODULES = YES;
				CLANG_ENABLE_OBJC_ARC = YES;
				CLANG_WARN_BOOL_CONVERSION = YES;
				CLANG_WARN_CONSTANT_CONVERSION = YES;
				CLANG_WARN_DIRECT_OBJC_ISA_USAGE = YES_ERROR;
				CLANG_WARN_EMPTY_BODY = YES;
				CLANG_WARN_ENUM_CONVERSION = YES;
				CLANG_WARN_INT_CONVERSION = YES;
				CLANG_WARN_OBJC_ROOT_CLASS = YES_ERROR;
				CLANG_WARN_UNREACHABLE_CODE = YES;
				CLANG_WARN__DUPLICATE_METHOD_MATCH = YES;
				"CODE_SIGN_IDENTITY[sdk=iphoneos*]" = "iPhone Developer";
				COPY_PHASE_STRIP = NO;
				DEBUG_INFORMATION_FORMAT = dwarf;
				ENABLE_STRICT_OBJC_MSGSEND = YES;
				ENABLE_TESTABILITY = YES;
				GCC_C_LANGUAGE_STANDARD = gnu99;
				GCC_DYNAMIC_NO_PIC = NO;
				GCC_NO_COMMON_BLOCKS = YES;
				GCC_OPTIMIZATION_LEVEL = 0;
				GCC_PREPROCESSOR_DEFINITIONS = (
					"DEBUG=1",
					"$(inherited)",
				);
				GCC_WARN_64_TO_32_BIT_CONVERSION = YES;
				GCC_WARN_ABOUT_RETURN_TYPE = YES_ERROR;
				GCC_WARN_UNDECLARED_SELECTOR = YES;
				GCC_WARN_UNINITIALIZED_AUTOS = YES_AGGRESSIVE;
				GCC_WARN_UNUSED_FUNCTION = YES;
				GCC_WARN_UNUSED_VARIABLE = YES;
				IPHONEOS_DEPLOYMENT_TARGET = 9.1;
				MTL_ENABLE_DEBUG_INFO = YES;
				ONLY_ACTIVE_ARCH = YES;
				SDKROOT = iphoneos;
			};
			name = Debug;
		};
		03571B4C1BE84BA100900EF9 /* Release */ = {
			isa = XCBuildConfiguration;
			buildSettings = {
				ALWAYS_SEARCH_USER_PATHS = NO;
				CLANG_CXX_LANGUAGE_STANDARD = "gnu++0x";
				CLANG_CXX_LIBRARY = "libc++";
				CLANG_ENABLE_MODULES = YES;
				CLANG_ENABLE_OBJC_ARC = YES;
				CLANG_WARN_BOOL_CONVERSION = YES;
				CLANG_WARN_CONSTANT_CONVERSION = YES;
				CLANG_WARN_DIRECT_OBJC_ISA_USAGE = YES_ERROR;
				CLANG_WARN_EMPTY_BODY = YES;
				CLANG_WARN_ENUM_CONVERSION = YES;
				CLANG_WARN_INT_CONVERSION = YES;
				CLANG_WARN_OBJC_ROOT_CLASS = YES_ERROR;
				CLANG_WARN_UNREACHABLE_CODE = YES;
				CLANG_WARN__DUPLICATE_METHOD_MATCH = YES;
				"CODE_SIGN_IDENTITY[sdk=iphoneos*]" = "iPhone Developer";
				COPY_PHASE_STRIP = NO;
				DEBUG_INFORMATION_FORMAT = "dwarf-with-dsym";
				ENABLE_NS_ASSERTIONS = NO;
				ENABLE_STRICT_OBJC_MSGSEND = YES;
				GCC_C_LANGUAGE_STANDARD = gnu99;
				GCC_NO_COMMON_BLOCKS = YES;
				GCC_WARN_64_TO_32_BIT_CONVERSION = YES;
				GCC_WARN_ABOUT_RETURN_TYPE = YES_ERROR;
				GCC_WARN_UNDECLARED_SELECTOR = YES;
				GCC_WARN_UNINITIALIZED_AUTOS = YES_AGGRESSIVE;
				GCC_WARN_UNUSED_FUNCTION = YES;
				GCC_WARN_UNUSED_VARIABLE = YES;
				IPHONEOS_DEPLOYMENT_TARGET = 9.1;
				MTL_ENABLE_DEBUG_INFO = NO;
				SDKROOT = iphoneos;
				VALIDATE_PRODUCT = YES;
			};
			name = Release;
		};
		03571B4E1BE84BA100900EF9 /* Debug */ = {
			isa = XCBuildConfiguration;
			buildSettings = {
				ASSETCATALOG_COMPILER_APPICON_NAME = AppIcon;
				INFOPLIST_FILE = Cofactories/Info.plist;
				LD_RUNPATH_SEARCH_PATHS = "$(inherited) @executable_path/Frameworks";
				PRODUCT_BUNDLE_IDENTIFIER = Cofactory.Cofactories;
				PRODUCT_NAME = "$(TARGET_NAME)";
			};
			name = Debug;
		};
		03571B4F1BE84BA100900EF9 /* Release */ = {
			isa = XCBuildConfiguration;
			buildSettings = {
				ASSETCATALOG_COMPILER_APPICON_NAME = AppIcon;
				INFOPLIST_FILE = Cofactories/Info.plist;
				LD_RUNPATH_SEARCH_PATHS = "$(inherited) @executable_path/Frameworks";
				PRODUCT_BUNDLE_IDENTIFIER = Cofactory.Cofactories;
				PRODUCT_NAME = "$(TARGET_NAME)";
			};
			name = Release;
		};
		03571B511BE84BA100900EF9 /* Debug */ = {
			isa = XCBuildConfiguration;
			buildSettings = {
				BUNDLE_LOADER = "$(TEST_HOST)";
				INFOPLIST_FILE = CofactoriesTests/Info.plist;
				LD_RUNPATH_SEARCH_PATHS = "$(inherited) @executable_path/Frameworks @loader_path/Frameworks";
				PRODUCT_BUNDLE_IDENTIFIER = Cofactory.CofactoriesTests;
				PRODUCT_NAME = "$(TARGET_NAME)";
				TEST_HOST = "$(BUILT_PRODUCTS_DIR)/Cofactories.app/Cofactories";
			};
			name = Debug;
		};
		03571B521BE84BA100900EF9 /* Release */ = {
			isa = XCBuildConfiguration;
			buildSettings = {
				BUNDLE_LOADER = "$(TEST_HOST)";
				INFOPLIST_FILE = CofactoriesTests/Info.plist;
				LD_RUNPATH_SEARCH_PATHS = "$(inherited) @executable_path/Frameworks @loader_path/Frameworks";
				PRODUCT_BUNDLE_IDENTIFIER = Cofactory.CofactoriesTests;
				PRODUCT_NAME = "$(TARGET_NAME)";
				TEST_HOST = "$(BUILT_PRODUCTS_DIR)/Cofactories.app/Cofactories";
			};
			name = Release;
		};
		03571B541BE84BA100900EF9 /* Debug */ = {
			isa = XCBuildConfiguration;
			buildSettings = {
				INFOPLIST_FILE = CofactoriesUITests/Info.plist;
				LD_RUNPATH_SEARCH_PATHS = "$(inherited) @executable_path/Frameworks @loader_path/Frameworks";
				PRODUCT_BUNDLE_IDENTIFIER = Cofactory.CofactoriesUITests;
				PRODUCT_NAME = "$(TARGET_NAME)";
				TEST_TARGET_NAME = Cofactories;
				USES_XCTRUNNER = YES;
			};
			name = Debug;
		};
		03571B551BE84BA100900EF9 /* Release */ = {
			isa = XCBuildConfiguration;
			buildSettings = {
				INFOPLIST_FILE = CofactoriesUITests/Info.plist;
				LD_RUNPATH_SEARCH_PATHS = "$(inherited) @executable_path/Frameworks @loader_path/Frameworks";
				PRODUCT_BUNDLE_IDENTIFIER = Cofactory.CofactoriesUITests;
				PRODUCT_NAME = "$(TARGET_NAME)";
				TEST_TARGET_NAME = Cofactories;
				USES_XCTRUNNER = YES;
			};
			name = Release;
		};
/* End XCBuildConfiguration section */

/* Begin XCConfigurationList section */
		03571B1B1BE84BA100900EF9 /* Build configuration list for PBXProject "Cofactories" */ = {
			isa = XCConfigurationList;
			buildConfigurations = (
				03571B4B1BE84BA100900EF9 /* Debug */,
				03571B4C1BE84BA100900EF9 /* Release */,
			);
			defaultConfigurationIsVisible = 0;
			defaultConfigurationName = Release;
		};
		03571B4D1BE84BA100900EF9 /* Build configuration list for PBXNativeTarget "Cofactories" */ = {
			isa = XCConfigurationList;
			buildConfigurations = (
				03571B4E1BE84BA100900EF9 /* Debug */,
				03571B4F1BE84BA100900EF9 /* Release */,
			);
			defaultConfigurationIsVisible = 0;
		};
		03571B501BE84BA100900EF9 /* Build configuration list for PBXNativeTarget "CofactoriesTests" */ = {
			isa = XCConfigurationList;
			buildConfigurations = (
				03571B511BE84BA100900EF9 /* Debug */,
				03571B521BE84BA100900EF9 /* Release */,
			);
			defaultConfigurationIsVisible = 0;
		};
		03571B531BE84BA100900EF9 /* Build configuration list for PBXNativeTarget "CofactoriesUITests" */ = {
			isa = XCConfigurationList;
			buildConfigurations = (
				03571B541BE84BA100900EF9 /* Debug */,
				03571B551BE84BA100900EF9 /* Release */,
			);
			defaultConfigurationIsVisible = 0;
		};
/* End XCConfigurationList section */
	};
	rootObject = 03571B181BE84BA100900EF9 /* Project object */;
}
